
Microsoft Visual Studio Solution File, Format Version 12.00
# Visual Studio Version 17
VisualStudioVersion = 17.14.36109.1 d17.14
MinimumVisualStudioVersion = 10.0.40219.1
Project("{FAE04EC0-301F-11D3-BF4B-00C04F79EFBC}") = "Actividad3LenProg3", "Actividad3LenProg3\Actividad3LenProg3.csproj", "{9E3FD31D-CAC5-406E-9091-FB00E5EA63AA}"
EndProject
Global
	GlobalSection(SolutionConfigurationPlatforms) = preSolution
		Debug|Any CPU = Debug|Any CPU
		Release|Any CPU = Release|Any CPU
	EndGlobalSection
	GlobalSection(ProjectConfigurationPlatforms) = postSolution
		{9E3FD31D-CAC5-406E-9091-FB00E5EA63AA}.Debug|Any CPU.ActiveCfg = Debug|Any CPU
		{9E3FD31D-CAC5-406E-9091-FB00E5EA63AA}.Debug|Any CPU.Build.0 = Debug|Any CPU
		{9E3FD31D-CAC5-406E-9091-FB00E5EA63AA}.Release|Any CPU.ActiveCfg = Release|Any CPU
		{9E3FD31D-CAC5-406E-9091-FB00E5EA63AA}.Release|Any CPU.Build.0 = Release|Any CPU
	EndGlobalSection
	GlobalSection(SolutionProperties) = preSolution
		HideSolutionNode = FALSE
	EndGlobalSection
	GlobalSection(ExtensibilityGlobals) = postSolution
		SolutionGuid = {905ED452-D177-4145-B515-E1FD88FE3D73}
	EndGlobalSection
EndGlobal
